
Microsoft Visual Studio Solution File, Format Version 12.00
# Visual Studio 2013
VisualStudioVersion = 12.0.21005.1
MinimumVisualStudioVersion = 10.0.40219.1
Project("{FAE04EC0-301F-11D3-BF4B-00C04F79EFBC}") = "IAV.Data.SPSS", "IAV.Data.SPSS\IAV.Data.SPSS.csproj", "{7617FC4F-E998-48A8-9E12-0481FBC07D2D}"
EndProject
Project("{FAE04EC0-301F-11D3-BF4B-00C04F79EFBC}") = "Tester", "Tester\Tester.csproj", "{041647C3-B31F-4762-A77C-835EFBB67D2B}"
EndProject
Global
	GlobalSection(SolutionConfigurationPlatforms) = preSolution
		Debug|Any CPU = Debug|Any CPU
		Release|Any CPU = Release|Any CPU
	EndGlobalSection
	GlobalSection(ProjectConfigurationPlatforms) = postSolution
		{7617FC4F-E998-48A8-9E12-0481FBC07D2D}.Debug|Any CPU.ActiveCfg = Debug|Any CPU
		{7617FC4F-E998-48A8-9E12-0481FBC07D2D}.Debug|Any CPU.Build.0 = Debug|Any CPU
		{7617FC4F-E998-48A8-9E12-0481FBC07D2D}.Release|Any CPU.ActiveCfg = Release|Any CPU
		{7617FC4F-E998-48A8-9E12-0481FBC07D2D}.Release|Any CPU.Build.0 = Release|Any CPU
		{041647C3-B31F-4762-A77C-835EFBB67D2B}.Debug|Any CPU.ActiveCfg = Debug|Any CPU
		{041647C3-B31F-4762-A77C-835EFBB67D2B}.Debug|Any CPU.Build.0 = Debug|Any CPU
		{041647C3-B31F-4762-A77C-835EFBB67D2B}.Release|Any CPU.ActiveCfg = Release|Any CPU
		{041647C3-B31F-4762-A77C-835EFBB67D2B}.Release|Any CPU.Build.0 = Release|Any CPU
	EndGlobalSection
	GlobalSection(SolutionProperties) = preSolution
		HideSolutionNode = FALSE
	EndGlobalSection
EndGlobal
